
Microsoft Visual Studio Solution File, Format Version 12.00
# Visual Studio Version 17
VisualStudioVersion = 17.0.31903.59
MinimumVisualStudioVersion = 10.0.40219.1
Project("{2150E333-8FDC-42A3-9474-1A3956D46DE8}") = "src", "src", "{60AC1554-2FB2-4AED-90F5-A4F99F7DDF5E}"
	ProjectSection(SolutionItems) = preProject
		Fabulous.Avalonia.props = src\Fabulous.Avalonia.props
	EndProjectSection
EndProject
Project("{F2A71F9B-5D33-465A-A702-920D77279786}") = "Fabulous.Avalonia", "src\Fabulous.Avalonia\Fabulous.Avalonia.fsproj", "{9EB9291D-09F8-43DD-9A95-154D4E6BA78E}"
EndProject
Project("{2150E333-8FDC-42A3-9474-1A3956D46DE8}") = "samples", "samples", "{8D513303-98F9-40AA-AFA7-D92D920F96DF}"
	ProjectSection(SolutionItems) = preProject
		samples\Fabulous.Avalonia.Samples.targets = samples\Fabulous.Avalonia.Samples.targets
	EndProjectSection
EndProject
Project("{2150E333-8FDC-42A3-9474-1A3956D46DE8}") = "_Solution Items", "_Solution Items", "{918B7439-7A5D-4581-9910-8C81780E0D32}"
	ProjectSection(SolutionItems) = preProject
		README.md = README.md
		CHANGELOG.md = CHANGELOG.md
		.gitignore = .gitignore
								pull_request.yml = .github/workflows/pull_request.yml
								build.yml = .github/workflows/build.yml
								release.yml = .github/workflows/release.yml
		Directory.Packages.props = Directory.Packages.props
	EndProjectSection
EndProject
Project("{F2A71F9B-5D33-465A-A702-920D77279786}") = "Gallery", "samples\Gallery\Gallery.fsproj", "{AADAEC1A-44A7-401C-8B5E-F5506A1AA5AB}"
EndProject
Project("{F2A71F9B-5D33-465A-A702-920D77279786}") = "Fabulous.Avalonia.Tests", "src\Fabulous.Avalonia.Tests\Fabulous.Avalonia.Tests.fsproj", "{ACA3C16C-4537-479A-B420-0718B2A2BF0B}"
EndProject
Global
	GlobalSection(SolutionConfigurationPlatforms) = preSolution
		Debug|Any CPU = Debug|Any CPU
		Release|Any CPU = Release|Any CPU
	EndGlobalSection
	GlobalSection(SolutionProperties) = preSolution
		HideSolutionNode = FALSE
	EndGlobalSection
	GlobalSection(ProjectConfigurationPlatforms) = postSolution
		{9EB9291D-09F8-43DD-9A95-154D4E6BA78E}.Debug|Any CPU.ActiveCfg = Debug|Any CPU
		{9EB9291D-09F8-43DD-9A95-154D4E6BA78E}.Release|Any CPU.ActiveCfg = Release|Any CPU
		{9EB9291D-09F8-43DD-9A95-154D4E6BA78E}.Debug|Any CPU.Build.0 = Debug|Any CPU
		{9EB9291D-09F8-43DD-9A95-154D4E6BA78E}.Release|Any CPU.Build.0 = Release|Any CPU
		{AADAEC1A-44A7-401C-8B5E-F5506A1AA5AB}.Debug|Any CPU.ActiveCfg = Debug|Any CPU
		{AADAEC1A-44A7-401C-8B5E-F5506A1AA5AB}.Debug|Any CPU.Build.0 = Debug|Any CPU
		{AADAEC1A-44A7-401C-8B5E-F5506A1AA5AB}.Release|Any CPU.ActiveCfg = Release|Any CPU
		{AADAEC1A-44A7-401C-8B5E-F5506A1AA5AB}.Release|Any CPU.Build.0 = Release|Any CPU
		{AADAEC1A-44A7-401C-8B5E-F5506A1AA5AB}.Debug|Any CPU.Deploy.0 = Debug|Any CPU
		{AADAEC1A-44A7-401C-8B5E-F5506A1AA5AB}.Release|Any CPU.Deploy.0 = Release|Any CPU
		{ACA3C16C-4537-479A-B420-0718B2A2BF0B}.Debug|Any CPU.ActiveCfg = Debug|Any CPU
		{ACA3C16C-4537-479A-B420-0718B2A2BF0B}.Release|Any CPU.ActiveCfg = Release|Any CPU
		{ACA3C16C-4537-479A-B420-0718B2A2BF0B}.Debug|Any CPU.Build.0 = Debug|Any CPU
		{ACA3C16C-4537-479A-B420-0718B2A2BF0B}.Release|Any CPU.Build.0 = Release|Any CPU
	EndGlobalSection
	GlobalSection(NestedProjects) = preSolution
		{9EB9291D-09F8-43DD-9A95-154D4E6BA78E} = {60AC1554-2FB2-4AED-90F5-A4F99F7DDF5E}
		{AADAEC1A-44A7-401C-8B5E-F5506A1AA5AB} = {8D513303-98F9-40AA-AFA7-D92D920F96DF}
		{ACA3C16C-4537-479A-B420-0718B2A2BF0B} = {60AC1554-2FB2-4AED-90F5-A4F99F7DDF5E}
	EndGlobalSection
EndGlobal
