
Microsoft Visual Studio Solution File, Format Version 12.00
# Visual Studio Version 17
VisualStudioVersion = 17.0.31903.59
MinimumVisualStudioVersion = 10.0.40219.1
Project("{F2A71F9B-5D33-465A-A702-920D77279786}") = "CounterApp", "Component\CounterApp\CounterApp.fsproj", "{19820936-E97E-4845-8880-E6B4F3E00541}"
EndProject
Project("{F2A71F9B-5D33-465A-A702-920D77279786}") = "DrawingApp", "Component\DrawingApp\DrawingApp.fsproj", "{F0F8F43D-D428-46A2-86FB-8A4914C1C355}"
EndProject
Project("{2150E333-8FDC-42A3-9474-1A3956D46DE8}") = "_Solution Items", "_Solution Items", "{9EC68916-4700-4B08-9ACB-9C9BCDA58E81}"
	ProjectSection(SolutionItems) = preProject
		Directory.Packages.props = Directory.Packages.props
		README.md = README.md
		global.json = global.json
	EndProjectSection
EndProject
Project("{F2A71F9B-5D33-465A-A702-920D77279786}") = "TicTacToe", "Component\TicTacToe\TicTacToe.fsproj", "{F31E15DA-8995-4F4D-B56B-6A7D53DB7BC0}"
EndProject
Project("{F2A71F9B-5D33-465A-A702-920D77279786}") = "Navigation", "Component\Navigation\Navigation.fsproj", "{4BFB2AA5-97A4-46BD-AB35-1B2565E6FE23}"
EndProject
Global
	GlobalSection(SolutionConfigurationPlatforms) = preSolution
		Debug|Any CPU = Debug|Any CPU
		Release|Any CPU = Release|Any CPU
	EndGlobalSection
	GlobalSection(SolutionProperties) = preSolution
		HideSolutionNode = FALSE
	EndGlobalSection
	GlobalSection(ProjectConfigurationPlatforms) = postSolution
		{19820936-E97E-4845-8880-E6B4F3E00541}.Debug|Any CPU.ActiveCfg = Debug|Any CPU
		{19820936-E97E-4845-8880-E6B4F3E00541}.Debug|Any CPU.Build.0 = Debug|Any CPU
		{19820936-E97E-4845-8880-E6B4F3E00541}.Release|Any CPU.ActiveCfg = Release|Any CPU
		{19820936-E97E-4845-8880-E6B4F3E00541}.Release|Any CPU.Build.0 = Release|Any CPU
		{F0F8F43D-D428-46A2-86FB-8A4914C1C355}.Debug|Any CPU.ActiveCfg = Debug|Any CPU
		{F0F8F43D-D428-46A2-86FB-8A4914C1C355}.Debug|Any CPU.Build.0 = Debug|Any CPU
		{F0F8F43D-D428-46A2-86FB-8A4914C1C355}.Release|Any CPU.ActiveCfg = Release|Any CPU
		{F0F8F43D-D428-46A2-86FB-8A4914C1C355}.Release|Any CPU.Build.0 = Release|Any CPU
		{F31E15DA-8995-4F4D-B56B-6A7D53DB7BC0}.Debug|Any CPU.ActiveCfg = Debug|Any CPU
		{F31E15DA-8995-4F4D-B56B-6A7D53DB7BC0}.Debug|Any CPU.Build.0 = Debug|Any CPU
		{F31E15DA-8995-4F4D-B56B-6A7D53DB7BC0}.Release|Any CPU.ActiveCfg = Release|Any CPU
		{F31E15DA-8995-4F4D-B56B-6A7D53DB7BC0}.Release|Any CPU.Build.0 = Release|Any CPU
		{4BFB2AA5-97A4-46BD-AB35-1B2565E6FE23}.Debug|Any CPU.ActiveCfg = Debug|Any CPU
		{4BFB2AA5-97A4-46BD-AB35-1B2565E6FE23}.Debug|Any CPU.Build.0 = Debug|Any CPU
		{4BFB2AA5-97A4-46BD-AB35-1B2565E6FE23}.Release|Any CPU.ActiveCfg = Release|Any CPU
		{4BFB2AA5-97A4-46BD-AB35-1B2565E6FE23}.Release|Any CPU.Build.0 = Release|Any CPU
	EndGlobalSection
EndGlobal
