
Microsoft Visual Studio Solution File, Format Version 12.00
# Visual Studio Version 17
VisualStudioVersion = 17.0.31903.59
MinimumVisualStudioVersion = 10.0.40219.1
Project("{2150E333-8FDC-42A3-9474-1A3956D46DE8}") = "_Solution Items", "_Solution Items", "{0B83E4C7-E9A6-4AB3-A3A0-CF08BF4B1DEA}"
	ProjectSection(SolutionItems) = preProject
		Directory.Packages.props = Directory.Packages.props
		README.md = README.md
		global.json = global.json
	EndProjectSection
EndProject
Project("{F2A71F9B-5D33-465A-A702-920D77279786}") = "CounterApp", "samples\Mvu\CounterApp\CounterApp.fsproj", "{77CA5F89-8CDC-4352-941A-8E7BF076511C}"
EndProject
Project("{F2A71F9B-5D33-465A-A702-920D77279786}") = "DrawingApp", "samples\Mvu\DrawingApp\DrawingApp.fsproj", "{550264DC-A450-4A76-8822-DC75A654C87C}"
EndProject
Project("{F2A71F9B-5D33-465A-A702-920D77279786}") = "GameOfLife", "samples\Mvu\GameOfLife\GameOfLife.fsproj", "{D76F3B3D-F11D-4192-AFF9-F9915F9341C1}"
EndProject
Project("{F2A71F9B-5D33-465A-A702-920D77279786}") = "GitHubClient", "samples\Mvu\GitHubClient\GitHubClient.fsproj", "{2BF79B89-7D05-4B28-A73D-E7A68C2C3EBF}"
EndProject
Project("{F2A71F9B-5D33-465A-A702-920D77279786}") = "Tetris", "samples\Mvu\Tetris\Tetris.fsproj", "{CD743454-1916-4DAA-94A8-70DA38587827}"
EndProject
Project("{F2A71F9B-5D33-465A-A702-920D77279786}") = "TicTacToe", "samples\Mvu\TicTacToe\TicTacToe.fsproj", "{8F5341E0-BB7F-40AA-9F5E-8D71EE1FB773}"
EndProject
Project("{F2A71F9B-5D33-465A-A702-920D77279786}") = "SnakeGame", "samples\Mvu\SnakeGame\SnakeGame.fsproj", "{194ECFC0-F060-4A9C-8A7C-0E536E063488}"
EndProject
Project("{F2A71F9B-5D33-465A-A702-920D77279786}") = "BasicNavigation", "samples\Mvu\Navigation\BasicNavigation\BasicNavigation.fsproj", "{9142BB67-D271-400C-83FC-E9988B4984DD}"
EndProject
Project("{F2A71F9B-5D33-465A-A702-920D77279786}") = "NavigationPath", "samples\Mvu\Navigation\NavigationPath\NavigationPath.fsproj", "{0996BE92-346B-4EF3-AE15-CAA4D7AFD925}"
EndProject
Project("{2150E333-8FDC-42A3-9474-1A3956D46DE8}") = "Navigation", "Navigation", "{3F593DFB-27D8-4018-8A2A-06AC5B4B5037}"
EndProject
Project("{F2A71F9B-5D33-465A-A702-920D77279786}") = "ComponentNavigation", "samples\Mvu\Navigation\ComponentNavigation\ComponentNavigation.fsproj", "{35547C8D-16A2-4AEE-AB73-7BE7F5115319}"
EndProject
Global
	GlobalSection(SolutionConfigurationPlatforms) = preSolution
		Debug|Any CPU = Debug|Any CPU
		Release|Any CPU = Release|Any CPU
	EndGlobalSection
	GlobalSection(SolutionProperties) = preSolution
		HideSolutionNode = FALSE
	EndGlobalSection
	GlobalSection(ProjectConfigurationPlatforms) = postSolution
		{77CA5F89-8CDC-4352-941A-8E7BF076511C}.Debug|Any CPU.ActiveCfg = Debug|Any CPU
		{77CA5F89-8CDC-4352-941A-8E7BF076511C}.Debug|Any CPU.Build.0 = Debug|Any CPU
		{77CA5F89-8CDC-4352-941A-8E7BF076511C}.Release|Any CPU.ActiveCfg = Release|Any CPU
		{77CA5F89-8CDC-4352-941A-8E7BF076511C}.Release|Any CPU.Build.0 = Release|Any CPU
		{550264DC-A450-4A76-8822-DC75A654C87C}.Debug|Any CPU.ActiveCfg = Debug|Any CPU
		{550264DC-A450-4A76-8822-DC75A654C87C}.Debug|Any CPU.Build.0 = Debug|Any CPU
		{550264DC-A450-4A76-8822-DC75A654C87C}.Release|Any CPU.ActiveCfg = Release|Any CPU
		{550264DC-A450-4A76-8822-DC75A654C87C}.Release|Any CPU.Build.0 = Release|Any CPU
		{D76F3B3D-F11D-4192-AFF9-F9915F9341C1}.Debug|Any CPU.ActiveCfg = Debug|Any CPU
		{D76F3B3D-F11D-4192-AFF9-F9915F9341C1}.Debug|Any CPU.Build.0 = Debug|Any CPU
		{D76F3B3D-F11D-4192-AFF9-F9915F9341C1}.Release|Any CPU.ActiveCfg = Release|Any CPU
		{D76F3B3D-F11D-4192-AFF9-F9915F9341C1}.Release|Any CPU.Build.0 = Release|Any CPU
		{2BF79B89-7D05-4B28-A73D-E7A68C2C3EBF}.Debug|Any CPU.ActiveCfg = Debug|Any CPU
		{2BF79B89-7D05-4B28-A73D-E7A68C2C3EBF}.Debug|Any CPU.Build.0 = Debug|Any CPU
		{2BF79B89-7D05-4B28-A73D-E7A68C2C3EBF}.Release|Any CPU.ActiveCfg = Release|Any CPU
		{2BF79B89-7D05-4B28-A73D-E7A68C2C3EBF}.Release|Any CPU.Build.0 = Release|Any CPU
		{CD743454-1916-4DAA-94A8-70DA38587827}.Debug|Any CPU.ActiveCfg = Debug|Any CPU
		{CD743454-1916-4DAA-94A8-70DA38587827}.Debug|Any CPU.Build.0 = Debug|Any CPU
		{CD743454-1916-4DAA-94A8-70DA38587827}.Release|Any CPU.ActiveCfg = Release|Any CPU
		{CD743454-1916-4DAA-94A8-70DA38587827}.Release|Any CPU.Build.0 = Release|Any CPU
		{8F5341E0-BB7F-40AA-9F5E-8D71EE1FB773}.Debug|Any CPU.ActiveCfg = Debug|Any CPU
		{8F5341E0-BB7F-40AA-9F5E-8D71EE1FB773}.Debug|Any CPU.Build.0 = Debug|Any CPU
		{8F5341E0-BB7F-40AA-9F5E-8D71EE1FB773}.Release|Any CPU.ActiveCfg = Release|Any CPU
		{8F5341E0-BB7F-40AA-9F5E-8D71EE1FB773}.Release|Any CPU.Build.0 = Release|Any CPU
		{194ECFC0-F060-4A9C-8A7C-0E536E063488}.Debug|Any CPU.ActiveCfg = Debug|Any CPU
		{194ECFC0-F060-4A9C-8A7C-0E536E063488}.Debug|Any CPU.Build.0 = Debug|Any CPU
		{194ECFC0-F060-4A9C-8A7C-0E536E063488}.Release|Any CPU.ActiveCfg = Release|Any CPU
		{194ECFC0-F060-4A9C-8A7C-0E536E063488}.Release|Any CPU.Build.0 = Release|Any CPU
		{9142BB67-D271-400C-83FC-E9988B4984DD}.Debug|Any CPU.ActiveCfg = Debug|Any CPU
		{9142BB67-D271-400C-83FC-E9988B4984DD}.Debug|Any CPU.Build.0 = Debug|Any CPU
		{9142BB67-D271-400C-83FC-E9988B4984DD}.Release|Any CPU.ActiveCfg = Release|Any CPU
		{9142BB67-D271-400C-83FC-E9988B4984DD}.Release|Any CPU.Build.0 = Release|Any CPU
		{0996BE92-346B-4EF3-AE15-CAA4D7AFD925}.Debug|Any CPU.ActiveCfg = Debug|Any CPU
		{0996BE92-346B-4EF3-AE15-CAA4D7AFD925}.Debug|Any CPU.Build.0 = Debug|Any CPU
		{0996BE92-346B-4EF3-AE15-CAA4D7AFD925}.Release|Any CPU.ActiveCfg = Release|Any CPU
		{0996BE92-346B-4EF3-AE15-CAA4D7AFD925}.Release|Any CPU.Build.0 = Release|Any CPU
		{35547C8D-16A2-4AEE-AB73-7BE7F5115319}.Debug|Any CPU.ActiveCfg = Debug|Any CPU
		{35547C8D-16A2-4AEE-AB73-7BE7F5115319}.Debug|Any CPU.Build.0 = Debug|Any CPU
		{35547C8D-16A2-4AEE-AB73-7BE7F5115319}.Release|Any CPU.ActiveCfg = Release|Any CPU
		{35547C8D-16A2-4AEE-AB73-7BE7F5115319}.Release|Any CPU.Build.0 = Release|Any CPU
	EndGlobalSection
	GlobalSection(NestedProjects) = preSolution
		{9142BB67-D271-400C-83FC-E9988B4984DD} = {3F593DFB-27D8-4018-8A2A-06AC5B4B5037}
		{0996BE92-346B-4EF3-AE15-CAA4D7AFD925} = {3F593DFB-27D8-4018-8A2A-06AC5B4B5037}
		{35547C8D-16A2-4AEE-AB73-7BE7F5115319} = {3F593DFB-27D8-4018-8A2A-06AC5B4B5037}
	EndGlobalSection
EndGlobal
